
Microsoft Visual Studio Solution File, Format Version 12.00
# Visual Studio Version 16
VisualStudioVersion = 25.0.1706.14
MinimumVisualStudioVersion = 10.0.40219.1
Project("{FAE04EC0-301F-11D3-BF4B-00C04F79EFBC}") = "HelloWorld", "HelloWorld\HelloWorld.csproj", "{4EA5FABD-BFEE-46FC-A27C-97234B688F29}"
EndProject
Global
	GlobalSection(SolutionConfigurationPlatforms) = preSolution
		Debug|Any CPU = Debug|Any CPU
		Release|Any CPU = Release|Any CPU
	EndGlobalSection
	GlobalSection(ProjectConfigurationPlatforms) = postSolution
		{4EA5FABD-BFEE-46FC-A27C-97234B688F29}.Debug|Any CPU.ActiveCfg = Debug|Any CPU
		{4EA5FABD-BFEE-46FC-A27C-97234B688F29}.Debug|Any CPU.Build.0 = Debug|Any CPU
		{4EA5FABD-BFEE-46FC-A27C-97234B688F29}.Release|Any CPU.ActiveCfg = Release|Any CPU
		{4EA5FABD-BFEE-46FC-A27C-97234B688F29}.Release|Any CPU.Build.0 = Release|Any CPU
	EndGlobalSection
	GlobalSection(SolutionProperties) = preSolution
		HideSolutionNode = FALSE
	EndGlobalSection
	GlobalSection(ExtensibilityGlobals) = postSolution
		SolutionGuid = {A2441D76-CCB9-4D16-BBF6-52E02BD47F98}
	EndGlobalSection
EndGlobal
