
Microsoft Visual Studio Solution File, Format Version 12.00
# Visual Studio Version 17
VisualStudioVersion = 17.7.34003.232
MinimumVisualStudioVersion = 10.0.40219.1
Project("{FAE04EC0-301F-11D3-BF4B-00C04F79EFBC}") = "02_LoginForms", "02_LoginForms.csproj", "{D4BA129C-8A69-4741-A186-7DFAE45B2275}"
EndProject
Global
	GlobalSection(SolutionConfigurationPlatforms) = preSolution
		Debug|Any CPU = Debug|Any CPU
		Release|Any CPU = Release|Any CPU
	EndGlobalSection
	GlobalSection(ProjectConfigurationPlatforms) = postSolution
		{D4BA129C-8A69-4741-A186-7DFAE45B2275}.Debug|Any CPU.ActiveCfg = Debug|Any CPU
		{D4BA129C-8A69-4741-A186-7DFAE45B2275}.Debug|Any CPU.Build.0 = Debug|Any CPU
		{D4BA129C-8A69-4741-A186-7DFAE45B2275}.Release|Any CPU.ActiveCfg = Release|Any CPU
		{D4BA129C-8A69-4741-A186-7DFAE45B2275}.Release|Any CPU.Build.0 = Release|Any CPU
	EndGlobalSection
	GlobalSection(SolutionProperties) = preSolution
		HideSolutionNode = FALSE
	EndGlobalSection
	GlobalSection(ExtensibilityGlobals) = postSolution
		SolutionGuid = {F79C4C1E-08AB-4633-A880-FF10996E73BF}
	EndGlobalSection
EndGlobal
